
Microsoft Visual Studio Solution File, Format Version 12.00
# Visual Studio Version 17
VisualStudioVersion = 17.1.32414.318
MinimumVisualStudioVersion = 10.0.40219.1
Project("{FAE04EC0-301F-11D3-BF4B-00C04F79EFBC}") = "MoodAnalyser", "MoodAnalyser.csproj", "{A70FDC85-1CC4-49AF-BA9D-10767B7FA676}"
EndProject
Project("{FAE04EC0-301F-11D3-BF4B-00C04F79EFBC}") = "MSTestMoodAnalyser", "..\MSTestMoodAnalyser\MSTestMoodAnalyser.csproj", "{A369F8F8-574F-4A81-9082-D3DD7FD86AFA}"
EndProject
Global
	GlobalSection(SolutionConfigurationPlatforms) = preSolution
		Debug|Any CPU = Debug|Any CPU
		Release|Any CPU = Release|Any CPU
	EndGlobalSection
	GlobalSection(ProjectConfigurationPlatforms) = postSolution
		{A70FDC85-1CC4-49AF-BA9D-10767B7FA676}.Debug|Any CPU.ActiveCfg = Debug|Any CPU
		{A70FDC85-1CC4-49AF-BA9D-10767B7FA676}.Debug|Any CPU.Build.0 = Debug|Any CPU
		{A70FDC85-1CC4-49AF-BA9D-10767B7FA676}.Release|Any CPU.ActiveCfg = Release|Any CPU
		{A70FDC85-1CC4-49AF-BA9D-10767B7FA676}.Release|Any CPU.Build.0 = Release|Any CPU
		{A369F8F8-574F-4A81-9082-D3DD7FD86AFA}.Debug|Any CPU.ActiveCfg = Debug|Any CPU
		{A369F8F8-574F-4A81-9082-D3DD7FD86AFA}.Debug|Any CPU.Build.0 = Debug|Any CPU
		{A369F8F8-574F-4A81-9082-D3DD7FD86AFA}.Release|Any CPU.ActiveCfg = Release|Any CPU
		{A369F8F8-574F-4A81-9082-D3DD7FD86AFA}.Release|Any CPU.Build.0 = Release|Any CPU
	EndGlobalSection
	GlobalSection(SolutionProperties) = preSolution
		HideSolutionNode = FALSE
	EndGlobalSection
	GlobalSection(ExtensibilityGlobals) = postSolution
		SolutionGuid = {F174CD2E-2A95-4625-87DF-70F2D20445B1}
	EndGlobalSection
EndGlobal
